{
  "name": "tagger",
  "version": "1.0.0",
  "lockfileVersion": 1,
  "requires": true,
  "dependencies": {
    "iconv-lite": {
      "version": "0.4.19",
      "resolved": "https://registry.npmjs.org/iconv-lite/-/iconv-lite-0.4.19.tgz",
      "integrity": "sha512-oTZqweIP51xaGPI4uPa56/Pri/480R+mo7SeU+YETByQNhDG55ycFyNLIgta9vXhILrxXDmF7ZGhqZIcuN0gJQ=="
    },
    "node-id3": {
      "version": "0.1.0",
      "resolved": "https://registry.npmjs.org/node-id3/-/node-id3-0.1.0.tgz",
      "integrity": "sha1-AoGKdd0zPoiPJtBPAIGbvwBNWwY=",
      "requires": {
        "iconv-lite": "0.4.19"
      }
    }
  }
}
